
Microsoft Visual Studio Solution File, Format Version 12.00
# Visual Studio Version 17
VisualStudioVersion = 17.7.34024.191
MinimumVisualStudioVersion = 10.0.40219.1
Project("{FAE04EC0-301F-11D3-BF4B-00C04F79EFBC}") = "upload_web_api", "upload_web_api.csproj", "{4C336815-1CAD-4432-B10F-276FE97FD246}"
EndProject
Global
	GlobalSection(SolutionConfigurationPlatforms) = preSolution
		Debug|Any CPU = Debug|Any CPU
		Release|Any CPU = Release|Any CPU
	EndGlobalSection
	GlobalSection(ProjectConfigurationPlatforms) = postSolution
		{4C336815-1CAD-4432-B10F-276FE97FD246}.Debug|Any CPU.ActiveCfg = Debug|Any CPU
		{4C336815-1CAD-4432-B10F-276FE97FD246}.Debug|Any CPU.Build.0 = Debug|Any CPU
		{4C336815-1CAD-4432-B10F-276FE97FD246}.Release|Any CPU.ActiveCfg = Release|Any CPU
		{4C336815-1CAD-4432-B10F-276FE97FD246}.Release|Any CPU.Build.0 = Release|Any CPU
	EndGlobalSection
	GlobalSection(SolutionProperties) = preSolution
		HideSolutionNode = FALSE
	EndGlobalSection
	GlobalSection(ExtensibilityGlobals) = postSolution
		SolutionGuid = {3B65FF3E-F49C-4C80-ADD0-013362719919}
	EndGlobalSection
EndGlobal
